{
    "_readme": [
        "This file locks the dependencies of your project to a known state",
        "Read more about it at https://getcomposer.org/doc/01-basic-usage.md#installing-dependencies",
        "This file is @generated automatically"
    ],
    "content-hash": "550ca0dfc97e939185924fd74edc55a3",
    "packages": [
        {
            "name": "latitude/latitude",
            "version": "4.2.0",
            "source": {
                "type": "git",
                "url": "https://github.com/shadowhand/latitude.git",
                "reference": "dc1182ec88cfb532b049af83d44863d373897587"
            },
            "dist": {
                "type": "zip",
                "url": "https://api.github.com/repos/shadowhand/latitude/zipball/dc1182ec88cfb532b049af83d44863d373897587",
                "reference": "dc1182ec88cfb532b049af83d44863d373897587",
                "shasum": ""
            },
            "require": {
                "php": ">=7.2"
            },
            "require-dev": {
                "eloquent/liberator": "^2.0",
                "eloquent/phpstan-phony": "^0.5.0",
                "phpstan/extension-installer": "^1.0",
                "phpstan/phpstan": "^0.11.12",
                "phpstan/phpstan-phpunit": "^0.11.2",
                "phpunit/phpunit": "^8.3"
            },
            "type": "library",
            "autoload": {
                "psr-4": {
                    "Latitude\\QueryBuilder\\": "src/"
                },
                "files": [
                    "src/functions.php"
                ]
            },
            "notification-url": "https://packagist.org/downloads/",
            "license": [
                "MIT"
            ],
            "authors": [
                {
                    "name": "Woody Gilk",
                    "email": "woody.gilk@gmail.com",
                    "homepage": "https://github.com/shadowhand"
                }
            ],
            "description": "A SQL query builder with zero dependencies",
            "support": {
                "issues": "https://github.com/shadowhand/latitude/issues",
                "source": "https://github.com/shadowhand/latitude/tree/4.2.0"
            },
            "time": "2020-06-24T15:01:19+00:00"
        }
    ],
    "packages-dev": [],
    "aliases": [],
    "minimum-stability": "stable",
    "stability-flags": [],
    "prefer-stable": false,
    "prefer-lowest": false,
    "platform": [],
    "platform-dev": [],
    "plugin-api-version": "2.0.0"
}
